// !$*UTF8*$!
{
	archiveVersion = 1;
	classes = {
	};
	objectVersion = 46;
	objects = {

/* Begin PBXBuildFile section */
		065ACAA21C76D52800A4E358 /* PersonalGoals.storyboard in Resources */ = {isa = PBXBuildFile; fileRef = 065ACAA11C76D52800A4E358 /* PersonalGoals.storyboard */; };
		065ACAA41C76D53900A4E358 /* PersonalGoalsController.swift in Sources */ = {isa = PBXBuildFile; fileRef = 065ACAA31C76D53900A4E358 /* PersonalGoalsController.swift */; };
		065ACAA61C76D75300A4E358 /* GameKit.framework in Frameworks */ = {isa = PBXBuildFile; fileRef = 065ACAA51C76D75300A4E358 /* GameKit.framework */; };
		066D82851C76D87B00E44996 /* Social.storyboard in Resources */ = {isa = PBXBuildFile; fileRef = 066D82841C76D87B00E44996 /* Social.storyboard */; };
		066D82871C76D88100E44996 /* SocialViewController.swift in Sources */ = {isa = PBXBuildFile; fileRef = 066D82861C76D88100E44996 /* SocialViewController.swift */; };
		219A3034497EB533C5D89923 /* Pods_ArcticRun_iPad.framework in Frameworks */ = {isa = PBXBuildFile; fileRef = 7E1B555208D4D7796507ECF0 /* Pods_ArcticRun_iPad.framework */; };
		8191F59B1C75C08200879C3F /* SpriteViewController.swift in Sources */ = {isa = PBXBuildFile; fileRef = 8191F59A1C75C08100879C3F /* SpriteViewController.swift */; };
		8191F59D1C75C3B000879C3F /* GameScene.swift in Sources */ = {isa = PBXBuildFile; fileRef = 8191F59C1C75C3B000879C3F /* GameScene.swift */; };
		8191F59F1C75C5E100879C3F /* BearImages.atlas in Resources */ = {isa = PBXBuildFile; fileRef = 8191F59E1C75C5E100879C3F /* BearImages.atlas */; };
		8503FB851C640A1600531D5F /* AppDelegate.swift in Sources */ = {isa = PBXBuildFile; fileRef = 8503FB841C640A1600531D5F /* AppDelegate.swift */; };
		8503FB871C640A1600531D5F /* FirstViewController.swift in Sources */ = {isa = PBXBuildFile; fileRef = 8503FB861C640A1600531D5F /* FirstViewController.swift */; };
		8503FB891C640A1600531D5F /* SecondViewController.swift in Sources */ = {isa = PBXBuildFile; fileRef = 8503FB881C640A1600531D5F /* SecondViewController.swift */; };
		8503FB8C1C640A1600531D5F /* Main.storyboard in Resources */ = {isa = PBXBuildFile; fileRef = 8503FB8A1C640A1600531D5F /* Main.storyboard */; };
		8503FB8E1C640A1600531D5F /* Assets.xcassets in Resources */ = {isa = PBXBuildFile; fileRef = 8503FB8D1C640A1600531D5F /* Assets.xcassets */; };
		8503FB911C640A1600531D5F /* LaunchScreen.storyboard in Resources */ = {isa = PBXBuildFile; fileRef = 8503FB8F1C640A1600531D5F /* LaunchScreen.storyboard */; };
		8503FB9C1C640A1600531D5F /* ArcticRun_iPadTests.swift in Sources */ = {isa = PBXBuildFile; fileRef = 8503FB9B1C640A1600531D5F /* ArcticRun_iPadTests.swift */; };
		8503FBA71C640A1600531D5F /* ArcticRun_iPadUITests.swift in Sources */ = {isa = PBXBuildFile; fileRef = 8503FBA61C640A1600531D5F /* ArcticRun_iPadUITests.swift */; };
		8503FBEF1C642BA900531D5F /* Download.swift in Sources */ = {isa = PBXBuildFile; fileRef = 8503FBEE1C642BA900531D5F /* Download.swift */; };
		85684F571C6D90970006282F /* CloudKit.framework in Frameworks */ = {isa = PBXBuildFile; fileRef = 85684F561C6D90970006282F /* CloudKit.framework */; };
		85684F5F1C6D96320006282F /* Character.swift in Sources */ = {isa = PBXBuildFile; fileRef = 85684F5E1C6D96320006282F /* Character.swift */; };
		85684F611C6DA4B00006282F /* ThirdViewController.swift in Sources */ = {isa = PBXBuildFile; fileRef = 85684F601C6DA4B00006282F /* ThirdViewController.swift */; };
		8ACC746F1C72ABB8008F96AF /* SWRevealViewController.m in Sources */ = {isa = PBXBuildFile; fileRef = 8ACC746E1C72ABB8008F96AF /* SWRevealViewController.m */; };
		8ACC74711C72ABD3008F96AF /* MenuController.swift in Sources */ = {isa = PBXBuildFile; fileRef = 8ACC74701C72ABD3008F96AF /* MenuController.swift */; };
		8ACC74731C72B017008F96AF /* Images.xcassets in Resources */ = {isa = PBXBuildFile; fileRef = 8ACC74721C72B017008F96AF /* Images.xcassets */; };
		8ACC74751C72B904008F96AF /* SettingsViewController.swift in Sources */ = {isa = PBXBuildFile; fileRef = 8ACC74741C72B904008F96AF /* SettingsViewController.swift */; };
		923F5F0C1C77853A0015A13B /* Sprite.storyboard in Resources */ = {isa = PBXBuildFile; fileRef = 923F5F0A1C77853A0015A13B /* Sprite.storyboard */; };
		923F5F0F1C77859B0015A13B /* Cloud.storyboard in Resources */ = {isa = PBXBuildFile; fileRef = 923F5F0E1C77859B0015A13B /* Cloud.storyboard */; };
		923F5F121C7785E40015A13B /* TableView.storyboard in Resources */ = {isa = PBXBuildFile; fileRef = 923F5F101C7785E40015A13B /* TableView.storyboard */; };
		923F5F141C7786390015A13B /* InfoGraph.storyboard in Resources */ = {isa = PBXBuildFile; fileRef = 923F5F131C7786390015A13B /* InfoGraph.storyboard */; };
		923F5F161C7786800015A13B /* CircleProgress.storyboard in Resources */ = {isa = PBXBuildFile; fileRef = 923F5F151C7786800015A13B /* CircleProgress.storyboard */; };
		923F5F191C77879E0015A13B /* HomeScreen.storyboard in Resources */ = {isa = PBXBuildFile; fileRef = 923F5F171C77879E0015A13B /* HomeScreen.storyboard */; };
		923F5F1B1C7787F60015A13B /* SettingsScreen.storyboard in Resources */ = {isa = PBXBuildFile; fileRef = 923F5F1A1C7787F60015A13B /* SettingsScreen.storyboard */; };
		EE020F4A1C6E8AD300F5F74A /* TaskViewController.swift in Sources */ = {isa = PBXBuildFile; fileRef = EE020F491C6E8AD300F5F74A /* TaskViewController.swift */; };
		EE020F4C1C6E8AFB00F5F74A /* TaskListsViewController.swift in Sources */ = {isa = PBXBuildFile; fileRef = EE020F4B1C6E8AFB00F5F74A /* TaskListsViewController.swift */; };
/* End PBXBuildFile section */

/* Begin PBXContainerItemProxy section */
		8503FB981C640A1600531D5F /* PBXContainerItemProxy */ = {
			isa = PBXContainerItemProxy;
			containerPortal = 8503FB791C640A1600531D5F /* Project object */;
			proxyType = 1;
			remoteGlobalIDString = 8503FB801C640A1600531D5F;
			remoteInfo = "ArcticRun-iPad";
		};
		8503FBA31C640A1600531D5F /* PBXContainerItemProxy */ = {
			isa = PBXContainerItemProxy;
			containerPortal = 8503FB791C640A1600531D5F /* Project object */;
			proxyType = 1;
			remoteGlobalIDString = 8503FB801C640A1600531D5F;
			remoteInfo = "ArcticRun-iPad";
		};
/* End PBXContainerItemProxy section */

/* Begin PBXFileReference section */
		065ACAA11C76D52800A4E358 /* PersonalGoals.storyboard */ = {isa = PBXFileReference; fileEncoding = 4; lastKnownFileType = file.storyboard; path = PersonalGoals.storyboard; sourceTree = "<group>"; };
		065ACAA31C76D53900A4E358 /* PersonalGoalsController.swift */ = {isa = PBXFileReference; fileEncoding = 4; lastKnownFileType = sourcecode.swift; path = PersonalGoalsController.swift; sourceTree = "<group>"; };
		065ACAA51C76D75300A4E358 /* GameKit.framework */ = {isa = PBXFileReference; lastKnownFileType = wrapper.framework; name = GameKit.framework; path = System/Library/Frameworks/GameKit.framework; sourceTree = SDKROOT; };
		066D82841C76D87B00E44996 /* Social.storyboard */ = {isa = PBXFileReference; fileEncoding = 4; lastKnownFileType = file.storyboard; path = Social.storyboard; sourceTree = "<group>"; };
		066D82861C76D88100E44996 /* SocialViewController.swift */ = {isa = PBXFileReference; fileEncoding = 4; lastKnownFileType = sourcecode.swift; path = SocialViewController.swift; sourceTree = "<group>"; };
		7E1B555208D4D7796507ECF0 /* Pods_ArcticRun_iPad.framework */ = {isa = PBXFileReference; explicitFileType = wrapper.framework; includeInIndex = 0; path = Pods_ArcticRun_iPad.framework; sourceTree = BUILT_PRODUCTS_DIR; };
		8191F59A1C75C08100879C3F /* SpriteViewController.swift */ = {isa = PBXFileReference; fileEncoding = 4; lastKnownFileType = sourcecode.swift; path = SpriteViewController.swift; sourceTree = "<group>"; };
		8191F59C1C75C3B000879C3F /* GameScene.swift */ = {isa = PBXFileReference; fileEncoding = 4; lastKnownFileType = sourcecode.swift; path = GameScene.swift; sourceTree = "<group>"; };
		8191F59E1C75C5E100879C3F /* BearImages.atlas */ = {isa = PBXFileReference; lastKnownFileType = folder.skatlas; path = BearImages.atlas; sourceTree = "<group>"; };
		8503FB811C640A1600531D5F /* ArcticRun-iPad.app */ = {isa = PBXFileReference; explicitFileType = wrapper.application; includeInIndex = 0; path = "ArcticRun-iPad.app"; sourceTree = BUILT_PRODUCTS_DIR; };
		8503FB841C640A1600531D5F /* AppDelegate.swift */ = {isa = PBXFileReference; lastKnownFileType = sourcecode.swift; path = AppDelegate.swift; sourceTree = "<group>"; };
		8503FB861C640A1600531D5F /* FirstViewController.swift */ = {isa = PBXFileReference; lastKnownFileType = sourcecode.swift; path = FirstViewController.swift; sourceTree = "<group>"; };
		8503FB881C640A1600531D5F /* SecondViewController.swift */ = {isa = PBXFileReference; lastKnownFileType = sourcecode.swift; path = SecondViewController.swift; sourceTree = "<group>"; };
		8503FB8B1C640A1600531D5F /* Base */ = {isa = PBXFileReference; lastKnownFileType = file.storyboard; name = Base; path = Base.lproj/Main.storyboard; sourceTree = "<group>"; };
		8503FB8D1C640A1600531D5F /* Assets.xcassets */ = {isa = PBXFileReference; lastKnownFileType = folder.assetcatalog; path = Assets.xcassets; sourceTree = "<group>"; };
		8503FB901C640A1600531D5F /* Base */ = {isa = PBXFileReference; lastKnownFileType = file.storyboard; name = Base; path = Base.lproj/LaunchScreen.storyboard; sourceTree = "<group>"; };
		8503FB921C640A1600531D5F /* Info.plist */ = {isa = PBXFileReference; lastKnownFileType = text.plist.xml; path = Info.plist; sourceTree = "<group>"; };
		8503FB971C640A1600531D5F /* ArcticRun-iPadTests.xctest */ = {isa = PBXFileReference; explicitFileType = wrapper.cfbundle; includeInIndex = 0; path = "ArcticRun-iPadTests.xctest"; sourceTree = BUILT_PRODUCTS_DIR; };
		8503FB9B1C640A1600531D5F /* ArcticRun_iPadTests.swift */ = {isa = PBXFileReference; lastKnownFileType = sourcecode.swift; path = ArcticRun_iPadTests.swift; sourceTree = "<group>"; };
		8503FB9D1C640A1600531D5F /* Info.plist */ = {isa = PBXFileReference; lastKnownFileType = text.plist.xml; path = Info.plist; sourceTree = "<group>"; };
		8503FBA21C640A1600531D5F /* ArcticRun-iPadUITests.xctest */ = {isa = PBXFileReference; explicitFileType = wrapper.cfbundle; includeInIndex = 0; path = "ArcticRun-iPadUITests.xctest"; sourceTree = BUILT_PRODUCTS_DIR; };
		8503FBA61C640A1600531D5F /* ArcticRun_iPadUITests.swift */ = {isa = PBXFileReference; lastKnownFileType = sourcecode.swift; path = ArcticRun_iPadUITests.swift; sourceTree = "<group>"; };
		8503FBA81C640A1600531D5F /* Info.plist */ = {isa = PBXFileReference; lastKnownFileType = text.plist.xml; path = Info.plist; sourceTree = "<group>"; };
		8503FBEE1C642BA900531D5F /* Download.swift */ = {isa = PBXFileReference; fileEncoding = 4; lastKnownFileType = sourcecode.swift; path = Download.swift; sourceTree = "<group>"; };
		85684F551C6D902A0006282F /* ArcticRun-iPad.entitlements */ = {isa = PBXFileReference; lastKnownFileType = text.xml; path = "ArcticRun-iPad.entitlements"; sourceTree = "<group>"; };
		85684F561C6D90970006282F /* CloudKit.framework */ = {isa = PBXFileReference; lastKnownFileType = wrapper.framework; name = CloudKit.framework; path = System/Library/Frameworks/CloudKit.framework; sourceTree = SDKROOT; };
		85684F5E1C6D96320006282F /* Character.swift */ = {isa = PBXFileReference; fileEncoding = 4; lastKnownFileType = sourcecode.swift; path = Character.swift; sourceTree = "<group>"; };
		85684F601C6DA4B00006282F /* ThirdViewController.swift */ = {isa = PBXFileReference; fileEncoding = 4; lastKnownFileType = sourcecode.swift; path = ThirdViewController.swift; sourceTree = "<group>"; };
		8ACC746C1C72ABB7008F96AF /* ArcticRun-iPad-Bridging-Header.h */ = {isa = PBXFileReference; lastKnownFileType = sourcecode.c.h; path = "ArcticRun-iPad-Bridging-Header.h"; sourceTree = "<group>"; };
		8ACC746D1C72ABB8008F96AF /* SWRevealViewController.h */ = {isa = PBXFileReference; fileEncoding = 4; lastKnownFileType = sourcecode.c.h; path = SWRevealViewController.h; sourceTree = "<group>"; };
		8ACC746E1C72ABB8008F96AF /* SWRevealViewController.m */ = {isa = PBXFileReference; fileEncoding = 4; lastKnownFileType = sourcecode.c.objc; path = SWRevealViewController.m; sourceTree = "<group>"; };
		8ACC74701C72ABD3008F96AF /* MenuController.swift */ = {isa = PBXFileReference; fileEncoding = 4; lastKnownFileType = sourcecode.swift; path = MenuController.swift; sourceTree = "<group>"; };
		8ACC74721C72B017008F96AF /* Images.xcassets */ = {isa = PBXFileReference; lastKnownFileType = folder.assetcatalog; path = Images.xcassets; sourceTree = "<group>"; };
		8ACC74741C72B904008F96AF /* SettingsViewController.swift */ = {isa = PBXFileReference; fileEncoding = 4; lastKnownFileType = sourcecode.swift; path = SettingsViewController.swift; sourceTree = "<group>"; };
		923F5F0B1C77853A0015A13B /* Base */ = {isa = PBXFileReference; lastKnownFileType = file.storyboard; name = Base; path = Base.lproj/Sprite.storyboard; sourceTree = "<group>"; };
		923F5F0E1C77859B0015A13B /* Cloud.storyboard */ = {isa = PBXFileReference; fileEncoding = 4; lastKnownFileType = file.storyboard; path = Cloud.storyboard; sourceTree = "<group>"; };
		923F5F111C7785E40015A13B /* Base */ = {isa = PBXFileReference; lastKnownFileType = file.storyboard; name = Base; path = Base.lproj/TableView.storyboard; sourceTree = "<group>"; };
		923F5F131C7786390015A13B /* InfoGraph.storyboard */ = {isa = PBXFileReference; fileEncoding = 4; lastKnownFileType = file.storyboard; path = InfoGraph.storyboard; sourceTree = "<group>"; };
		923F5F151C7786800015A13B /* CircleProgress.storyboard */ = {isa = PBXFileReference; fileEncoding = 4; lastKnownFileType = file.storyboard; path = CircleProgress.storyboard; sourceTree = "<group>"; };
		923F5F181C77879E0015A13B /* Base */ = {isa = PBXFileReference; lastKnownFileType = file.storyboard; name = Base; path = Base.lproj/HomeScreen.storyboard; sourceTree = "<group>"; };
		923F5F1A1C7787F60015A13B /* SettingsScreen.storyboard */ = {isa = PBXFileReference; fileEncoding = 4; lastKnownFileType = file.storyboard; path = SettingsScreen.storyboard; sourceTree = "<group>"; };
		C6BC932190728787B19815AF /* Pods-ArcticRun-iPad.debug.xcconfig */ = {isa = PBXFileReference; includeInIndex = 1; lastKnownFileType = text.xcconfig; name = "Pods-ArcticRun-iPad.debug.xcconfig"; path = "Pods/Target Support Files/Pods-ArcticRun-iPad/Pods-ArcticRun-iPad.debug.xcconfig"; sourceTree = "<group>"; };
		EE020F491C6E8AD300F5F74A /* TaskViewController.swift */ = {isa = PBXFileReference; fileEncoding = 4; lastKnownFileType = sourcecode.swift; path = TaskViewController.swift; sourceTree = "<group>"; };
		EE020F4B1C6E8AFB00F5F74A /* TaskListsViewController.swift */ = {isa = PBXFileReference; fileEncoding = 4; lastKnownFileType = sourcecode.swift; path = TaskListsViewController.swift; sourceTree = "<group>"; };
		FCCA808D928DF685AE369D8F /* Pods-ArcticRun-iPad.release.xcconfig */ = {isa = PBXFileReference; includeInIndex = 1; lastKnownFileType = text.xcconfig; name = "Pods-ArcticRun-iPad.release.xcconfig"; path = "Pods/Target Support Files/Pods-ArcticRun-iPad/Pods-ArcticRun-iPad.release.xcconfig"; sourceTree = "<group>"; };
/* End PBXFileReference section */

/* Begin PBXFrameworksBuildPhase section */
		8503FB7E1C640A1600531D5F /* Frameworks */ = {
			isa = PBXFrameworksBuildPhase;
			buildActionMask = 2147483647;
			files = (
				065ACAA61C76D75300A4E358 /* GameKit.framework in Frameworks */,
				219A3034497EB533C5D89923 /* Pods_ArcticRun_iPad.framework in Frameworks */,
				85684F571C6D90970006282F /* CloudKit.framework in Frameworks */,
			);
			runOnlyForDeploymentPostprocessing = 0;
		};
		8503FB941C640A1600531D5F /* Frameworks */ = {
			isa = PBXFrameworksBuildPhase;
			buildActionMask = 2147483647;
			files = (
			);
			runOnlyForDeploymentPostprocessing = 0;
		};
		8503FB9F1C640A1600531D5F /* Frameworks */ = {
			isa = PBXFrameworksBuildPhase;
			buildActionMask = 2147483647;
			files = (
			);
			runOnlyForDeploymentPostprocessing = 0;
		};
/* End PBXFrameworksBuildPhase section */

/* Begin PBXGroup section */
		8503FB781C640A1600531D5F = {
			isa = PBXGroup;
			children = (
				8503FB831C640A1600531D5F /* ArcticRun-iPad */,
				8503FB9A1C640A1600531D5F /* ArcticRun-iPadTests */,
				8503FBA51C640A1600531D5F /* ArcticRun-iPadUITests */,
				8503FB821C640A1600531D5F /* Products */,
				E3192D3AF987B4E0D883DD65 /* Pods */,
				90112917590FA166D2E1C7D2 /* Frameworks */,
			);
			sourceTree = "<group>";
		};
		8503FB821C640A1600531D5F /* Products */ = {
			isa = PBXGroup;
			children = (
				8503FB811C640A1600531D5F /* ArcticRun-iPad.app */,
				8503FB971C640A1600531D5F /* ArcticRun-iPadTests.xctest */,
				8503FBA21C640A1600531D5F /* ArcticRun-iPadUITests.xctest */,
			);
			name = Products;
			sourceTree = "<group>";
		};
		8503FB831C640A1600531D5F /* ArcticRun-iPad */ = {
			isa = PBXGroup;
			children = (
				923F5F091C7784FE0015A13B /* Storyboards */,
				8ACC746B1C72AB9A008F96AF /* SWRevealViewController */,
				85684F581C6D952A0006282F /* Models */,
				85684F551C6D902A0006282F /* ArcticRun-iPad.entitlements */,
				8191F59E1C75C5E100879C3F /* BearImages.atlas */,
				8191F59A1C75C08100879C3F /* SpriteViewController.swift */,
				8191F59C1C75C3B000879C3F /* GameScene.swift */,
				8503FB841C640A1600531D5F /* AppDelegate.swift */,
				066D82861C76D88100E44996 /* SocialViewController.swift */,
				8503FB861C640A1600531D5F /* FirstViewController.swift */,
				8503FB881C640A1600531D5F /* SecondViewController.swift */,
				85684F601C6DA4B00006282F /* ThirdViewController.swift */,
				8503FBEE1C642BA900531D5F /* Download.swift */,
				065ACAA31C76D53900A4E358 /* PersonalGoalsController.swift */,
				8ACC74721C72B017008F96AF /* Images.xcassets */,
				8503FB8D1C640A1600531D5F /* Assets.xcassets */,
				8503FB921C640A1600531D5F /* Info.plist */,
				EE020F491C6E8AD300F5F74A /* TaskViewController.swift */,
				EE020F4B1C6E8AFB00F5F74A /* TaskListsViewController.swift */,
				8ACC74701C72ABD3008F96AF /* MenuController.swift */,
				8ACC74741C72B904008F96AF /* SettingsViewController.swift */,
			);
			path = "ArcticRun-iPad";
			sourceTree = "<group>";
		};
		8503FB9A1C640A1600531D5F /* ArcticRun-iPadTests */ = {
			isa = PBXGroup;
			children = (
				8503FB9B1C640A1600531D5F /* ArcticRun_iPadTests.swift */,
				8503FB9D1C640A1600531D5F /* Info.plist */,
			);
			path = "ArcticRun-iPadTests";
			sourceTree = "<group>";
		};
		8503FBA51C640A1600531D5F /* ArcticRun-iPadUITests */ = {
			isa = PBXGroup;
			children = (
				8503FBA61C640A1600531D5F /* ArcticRun_iPadUITests.swift */,
				8503FBA81C640A1600531D5F /* Info.plist */,
			);
			path = "ArcticRun-iPadUITests";
			sourceTree = "<group>";
		};
		85684F581C6D952A0006282F /* Models */ = {
			isa = PBXGroup;
			children = (
				85684F5E1C6D96320006282F /* Character.swift */,
			);
			name = Models;
			sourceTree = "<group>";
		};
		8ACC746B1C72AB9A008F96AF /* SWRevealViewController */ = {
			isa = PBXGroup;
			children = (
				8ACC746D1C72ABB8008F96AF /* SWRevealViewController.h */,
				8ACC746E1C72ABB8008F96AF /* SWRevealViewController.m */,
				8ACC746C1C72ABB7008F96AF /* ArcticRun-iPad-Bridging-Header.h */,
			);
			name = SWRevealViewController;
			sourceTree = "<group>";
		};
		90112917590FA166D2E1C7D2 /* Frameworks */ = {
			isa = PBXGroup;
			children = (
				065ACAA51C76D75300A4E358 /* GameKit.framework */,
				85684F561C6D90970006282F /* CloudKit.framework */,
				7E1B555208D4D7796507ECF0 /* Pods_ArcticRun_iPad.framework */,
			);
			name = Frameworks;
			sourceTree = "<group>";
		};
		923F5F091C7784FE0015A13B /* Storyboards */ = {
			isa = PBXGroup;
			children = (
				923F5F0D1C7785420015A13B /* HomeScreenViews */,
				8503FB8A1C640A1600531D5F /* Main.storyboard */,
				923F5F1A1C7787F60015A13B /* SettingsScreen.storyboard */,
				923F5F171C77879E0015A13B /* HomeScreen.storyboard */,
				8503FB8F1C640A1600531D5F /* LaunchScreen.storyboard */,
			);
			name = Storyboards;
			sourceTree = "<group>";
		};
		923F5F0D1C7785420015A13B /* HomeScreenViews */ = {
			isa = PBXGroup;
			children = (
				923F5F151C7786800015A13B /* CircleProgress.storyboard */,
				923F5F0E1C77859B0015A13B /* Cloud.storyboard */,
				923F5F131C7786390015A13B /* InfoGraph.storyboard */,
				923F5F101C7785E40015A13B /* TableView.storyboard */,
				923F5F0A1C77853A0015A13B /* Sprite.storyboard */,
				065ACAA11C76D52800A4E358 /* PersonalGoals.storyboard */,
				066D82841C76D87B00E44996 /* Social.storyboard */,
			);
			name = HomeScreenViews;
			sourceTree = "<group>";
		};
		E3192D3AF987B4E0D883DD65 /* Pods */ = {
			isa = PBXGroup;
			children = (
				C6BC932190728787B19815AF /* Pods-ArcticRun-iPad.debug.xcconfig */,
				FCCA808D928DF685AE369D8F /* Pods-ArcticRun-iPad.release.xcconfig */,
			);
			name = Pods;
			sourceTree = "<group>";
		};
/* End PBXGroup section */

/* Begin PBXNativeTarget section */
		8503FB801C640A1600531D5F /* ArcticRun-iPad */ = {
			isa = PBXNativeTarget;
			buildConfigurationList = 8503FBAB1C640A1600531D5F /* Build configuration list for PBXNativeTarget "ArcticRun-iPad" */;
			buildPhases = (
				361C98B72AB12584E94B51ED /* Check Pods Manifest.lock */,
				8503FB7D1C640A1600531D5F /* Sources */,
				8503FB7E1C640A1600531D5F /* Frameworks */,
				8503FB7F1C640A1600531D5F /* Resources */,
				452017C87AD3E802AFE5B0FA /* Embed Pods Frameworks */,
				2EC147A92CB0605B2C787D16 /* Copy Pods Resources */,
			);
			buildRules = (
			);
			dependencies = (
			);
			name = "ArcticRun-iPad";
			productName = "ArcticRun-iPad";
			productReference = 8503FB811C640A1600531D5F /* ArcticRun-iPad.app */;
			productType = "com.apple.product-type.application";
		};
		8503FB961C640A1600531D5F /* ArcticRun-iPadTests */ = {
			isa = PBXNativeTarget;
			buildConfigurationList = 8503FBAE1C640A1600531D5F /* Build configuration list for PBXNativeTarget "ArcticRun-iPadTests" */;
			buildPhases = (
				8503FB931C640A1600531D5F /* Sources */,
				8503FB941C640A1600531D5F /* Frameworks */,
				8503FB951C640A1600531D5F /* Resources */,
			);
			buildRules = (
			);
			dependencies = (
				8503FB991C640A1600531D5F /* PBXTargetDependency */,
			);
			name = "ArcticRun-iPadTests";
			productName = "ArcticRun-iPadTests";
			productReference = 8503FB971C640A1600531D5F /* ArcticRun-iPadTests.xctest */;
			productType = "com.apple.product-type.bundle.unit-test";
		};
		8503FBA11C640A1600531D5F /* ArcticRun-iPadUITests */ = {
			isa = PBXNativeTarget;
			buildConfigurationList = 8503FBB11C640A1600531D5F /* Build configuration list for PBXNativeTarget "ArcticRun-iPadUITests" */;
			buildPhases = (
				8503FB9E1C640A1600531D5F /* Sources */,
				8503FB9F1C640A1600531D5F /* Frameworks */,
				8503FBA01C640A1600531D5F /* Resources */,
			);
			buildRules = (
			);
			dependencies = (
				8503FBA41C640A1600531D5F /* PBXTargetDependency */,
			);
			name = "ArcticRun-iPadUITests";
			productName = "ArcticRun-iPadUITests";
			productReference = 8503FBA21C640A1600531D5F /* ArcticRun-iPadUITests.xctest */;
			productType = "com.apple.product-type.bundle.ui-testing";
		};
/* End PBXNativeTarget section */

/* Begin PBXProject section */
		8503FB791C640A1600531D5F /* Project object */ = {
			isa = PBXProject;
			attributes = {
				LastSwiftUpdateCheck = 0720;
				LastUpgradeCheck = 0720;
				ORGANIZATIONNAME = "COMP 4977";
				TargetAttributes = {
					8503FB801C640A1600531D5F = {
						CreatedOnToolsVersion = 7.2;
						DevelopmentTeam = L9GR6R2227;
						SystemCapabilities = {
							com.apple.GameCenter = {
								enabled = 1;
							};
							com.apple.iCloud = {
								enabled = 1;
							};
						};
					};
					8503FB961C640A1600531D5F = {
						CreatedOnToolsVersion = 7.2;
						TestTargetID = 8503FB801C640A1600531D5F;
					};
					8503FBA11C640A1600531D5F = {
						CreatedOnToolsVersion = 7.2;
						TestTargetID = 8503FB801C640A1600531D5F;
					};
				};
			};
			buildConfigurationList = 8503FB7C1C640A1600531D5F /* Build configuration list for PBXProject "ArcticRun-iPad" */;
			compatibilityVersion = "Xcode 3.2";
			developmentRegion = English;
			hasScannedForEncodings = 0;
			knownRegions = (
				en,
				Base,
			);
			mainGroup = 8503FB781C640A1600531D5F;
			productRefGroup = 8503FB821C640A1600531D5F /* Products */;
			projectDirPath = "";
			projectRoot = "";
			targets = (
				8503FB801C640A1600531D5F /* ArcticRun-iPad */,
				8503FB961C640A1600531D5F /* ArcticRun-iPadTests */,
				8503FBA11C640A1600531D5F /* ArcticRun-iPadUITests */,
			);
		};
/* End PBXProject section */

/* Begin PBXResourcesBuildPhase section */
		8503FB7F1C640A1600531D5F /* Resources */ = {
			isa = PBXResourcesBuildPhase;
			buildActionMask = 2147483647;
			files = (
				923F5F141C7786390015A13B /* InfoGraph.storyboard in Resources */,
				8503FB911C640A1600531D5F /* LaunchScreen.storyboard in Resources */,
				066D82851C76D87B00E44996 /* Social.storyboard in Resources */,
				923F5F121C7785E40015A13B /* TableView.storyboard in Resources */,
				065ACAA21C76D52800A4E358 /* PersonalGoals.storyboard in Resources */,
				8ACC74731C72B017008F96AF /* Images.xcassets in Resources */,
				8191F59F1C75C5E100879C3F /* BearImages.atlas in Resources */,
				8503FB8E1C640A1600531D5F /* Assets.xcassets in Resources */,
				8503FB8C1C640A1600531D5F /* Main.storyboard in Resources */,
				923F5F1B1C7787F60015A13B /* SettingsScreen.storyboard in Resources */,
				923F5F0C1C77853A0015A13B /* Sprite.storyboard in Resources */,
				923F5F191C77879E0015A13B /* HomeScreen.storyboard in Resources */,
				923F5F0F1C77859B0015A13B /* Cloud.storyboard in Resources */,
				923F5F161C7786800015A13B /* CircleProgress.storyboard in Resources */,
			);
			runOnlyForDeploymentPostprocessing = 0;
		};
		8503FB951C640A1600531D5F /* Resources */ = {
			isa = PBXResourcesBuildPhase;
			buildActionMask = 2147483647;
			files = (
			);
			runOnlyForDeploymentPostprocessing = 0;
		};
		8503FBA01C640A1600531D5F /* Resources */ = {
			isa = PBXResourcesBuildPhase;
			buildActionMask = 2147483647;
			files = (
			);
			runOnlyForDeploymentPostprocessing = 0;
		};
/* End PBXResourcesBuildPhase section */

/* Begin PBXShellScriptBuildPhase section */
		2EC147A92CB0605B2C787D16 /* Copy Pods Resources */ = {
			isa = PBXShellScriptBuildPhase;
			buildActionMask = 2147483647;
			files = (
			);
			inputPaths = (
			);
			name = "Copy Pods Resources";
			outputPaths = (
			);
			runOnlyForDeploymentPostprocessing = 0;
			shellPath = /bin/sh;
			shellScript = "\"${SRCROOT}/Pods/Target Support Files/Pods-ArcticRun-iPad/Pods-ArcticRun-iPad-resources.sh\"\n";
			showEnvVarsInLog = 0;
		};
		361C98B72AB12584E94B51ED /* Check Pods Manifest.lock */ = {
			isa = PBXShellScriptBuildPhase;
			buildActionMask = 2147483647;
			files = (
			);
			inputPaths = (
			);
			name = "Check Pods Manifest.lock";
			outputPaths = (
			);
			runOnlyForDeploymentPostprocessing = 0;
			shellPath = /bin/sh;
			shellScript = "diff \"${PODS_ROOT}/../Podfile.lock\" \"${PODS_ROOT}/Manifest.lock\" > /dev/null\nif [[ $? != 0 ]] ; then\n    cat << EOM\nerror: The sandbox is not in sync with the Podfile.lock. Run 'pod install' or update your CocoaPods installation.\nEOM\n    exit 1\nfi\n";
			showEnvVarsInLog = 0;
		};
		452017C87AD3E802AFE5B0FA /* Embed Pods Frameworks */ = {
			isa = PBXShellScriptBuildPhase;
			buildActionMask = 2147483647;
			files = (
			);
			inputPaths = (
			);
			name = "Embed Pods Frameworks";
			outputPaths = (
			);
			runOnlyForDeploymentPostprocessing = 0;
			shellPath = /bin/sh;
			shellScript = "\"${SRCROOT}/Pods/Target Support Files/Pods-ArcticRun-iPad/Pods-ArcticRun-iPad-frameworks.sh\"\n";
			showEnvVarsInLog = 0;
		};
/* End PBXShellScriptBuildPhase section */

/* Begin PBXSourcesBuildPhase section */
		8503FB7D1C640A1600531D5F /* Sources */ = {
			isa = PBXSourcesBuildPhase;
			buildActionMask = 2147483647;
			files = (
				066D82871C76D88100E44996 /* SocialViewController.swift in Sources */,
				8ACC74711C72ABD3008F96AF /* MenuController.swift in Sources */,
				8503FBEF1C642BA900531D5F /* Download.swift in Sources */,
				8ACC74751C72B904008F96AF /* SettingsViewController.swift in Sources */,
				EE020F4C1C6E8AFB00F5F74A /* TaskListsViewController.swift in Sources */,
				8503FB891C640A1600531D5F /* SecondViewController.swift in Sources */,
				85684F5F1C6D96320006282F /* Character.swift in Sources */,
				8503FB851C640A1600531D5F /* AppDelegate.swift in Sources */,
				8ACC746F1C72ABB8008F96AF /* SWRevealViewController.m in Sources */,
				8191F59D1C75C3B000879C3F /* GameScene.swift in Sources */,
				EE020F4A1C6E8AD300F5F74A /* TaskViewController.swift in Sources */,
				85684F611C6DA4B00006282F /* ThirdViewController.swift in Sources */,
				8503FB871C640A1600531D5F /* FirstViewController.swift in Sources */,
				065ACAA41C76D53900A4E358 /* PersonalGoalsController.swift in Sources */,
				8191F59B1C75C08200879C3F /* SpriteViewController.swift in Sources */,
			);
			runOnlyForDeploymentPostprocessing = 0;
		};
		8503FB931C640A1600531D5F /* Sources */ = {
			isa = PBXSourcesBuildPhase;
			buildActionMask = 2147483647;
			files = (
				8503FB9C1C640A1600531D5F /* ArcticRun_iPadTests.swift in Sources */,
			);
			runOnlyForDeploymentPostprocessing = 0;
		};
		8503FB9E1C640A1600531D5F /* Sources */ = {
			isa = PBXSourcesBuildPhase;
			buildActionMask = 2147483647;
			files = (
				8503FBA71C640A1600531D5F /* ArcticRun_iPadUITests.swift in Sources */,
			);
			runOnlyForDeploymentPostprocessing = 0;
		};
/* End PBXSourcesBuildPhase section */

/* Begin PBXTargetDependency section */
		8503FB991C640A1600531D5F /* PBXTargetDependency */ = {
			isa = PBXTargetDependency;
			target = 8503FB801C640A1600531D5F /* ArcticRun-iPad */;
			targetProxy = 8503FB981C640A1600531D5F /* PBXContainerItemProxy */;
		};
		8503FBA41C640A1600531D5F /* PBXTargetDependency */ = {
			isa = PBXTargetDependency;
			target = 8503FB801C640A1600531D5F /* ArcticRun-iPad */;
			targetProxy = 8503FBA31C640A1600531D5F /* PBXContainerItemProxy */;
		};
/* End PBXTargetDependency section */

/* Begin PBXVariantGroup section */
		8503FB8A1C640A1600531D5F /* Main.storyboard */ = {
			isa = PBXVariantGroup;
			children = (
				8503FB8B1C640A1600531D5F /* Base */,
			);
			name = Main.storyboard;
			sourceTree = "<group>";
		};
		8503FB8F1C640A1600531D5F /* LaunchScreen.storyboard */ = {
			isa = PBXVariantGroup;
			children = (
				8503FB901C640A1600531D5F /* Base */,
			);
			name = LaunchScreen.storyboard;
			sourceTree = "<group>";
		};
		923F5F0A1C77853A0015A13B /* Sprite.storyboard */ = {
			isa = PBXVariantGroup;
			children = (
				923F5F0B1C77853A0015A13B /* Base */,
			);
			name = Sprite.storyboard;
			sourceTree = "<group>";
		};
		923F5F101C7785E40015A13B /* TableView.storyboard */ = {
			isa = PBXVariantGroup;
			children = (
				923F5F111C7785E40015A13B /* Base */,
			);
			name = TableView.storyboard;
			sourceTree = "<group>";
		};
		923F5F171C77879E0015A13B /* HomeScreen.storyboard */ = {
			isa = PBXVariantGroup;
			children = (
				923F5F181C77879E0015A13B /* Base */,
			);
			name = HomeScreen.storyboard;
			sourceTree = "<group>";
		};
/* End PBXVariantGroup section */

/* Begin XCBuildConfiguration section */
		8503FBA91C640A1600531D5F /* Debug */ = {
			isa = XCBuildConfiguration;
			buildSettings = {
				ALWAYS_SEARCH_USER_PATHS = NO;
				CLANG_CXX_LANGUAGE_STANDARD = "gnu++0x";
				CLANG_CXX_LIBRARY = "libc++";
				CLANG_ENABLE_MODULES = YES;
				CLANG_ENABLE_OBJC_ARC = YES;
				CLANG_WARN_BOOL_CONVERSION = YES;
				CLANG_WARN_CONSTANT_CONVERSION = YES;
				CLANG_WARN_DIRECT_OBJC_ISA_USAGE = YES_ERROR;
				CLANG_WARN_EMPTY_BODY = YES;
				CLANG_WARN_ENUM_CONVERSION = YES;
				CLANG_WARN_INT_CONVERSION = YES;
				CLANG_WARN_OBJC_ROOT_CLASS = YES_ERROR;
				CLANG_WARN_UNREACHABLE_CODE = YES;
				CLANG_WARN__DUPLICATE_METHOD_MATCH = YES;
				"CODE_SIGN_IDENTITY[sdk=iphoneos*]" = "iPhone Developer";
				COPY_PHASE_STRIP = NO;
				DEBUG_INFORMATION_FORMAT = dwarf;
				ENABLE_STRICT_OBJC_MSGSEND = YES;
				ENABLE_TESTABILITY = YES;
				GCC_C_LANGUAGE_STANDARD = gnu99;
				GCC_DYNAMIC_NO_PIC = NO;
				GCC_NO_COMMON_BLOCKS = YES;
				GCC_OPTIMIZATION_LEVEL = 0;
				GCC_PREPROCESSOR_DEFINITIONS = (
					"DEBUG=1",
					"$(inherited)",
				);
				GCC_WARN_64_TO_32_BIT_CONVERSION = YES;
				GCC_WARN_ABOUT_RETURN_TYPE = YES_ERROR;
				GCC_WARN_UNDECLARED_SELECTOR = YES;
				GCC_WARN_UNINITIALIZED_AUTOS = YES_AGGRESSIVE;
				GCC_WARN_UNUSED_FUNCTION = YES;
				GCC_WARN_UNUSED_VARIABLE = YES;
				IPHONEOS_DEPLOYMENT_TARGET = 9.2;
				MTL_ENABLE_DEBUG_INFO = YES;
				ONLY_ACTIVE_ARCH = YES;
				SDKROOT = iphoneos;
				SWIFT_OPTIMIZATION_LEVEL = "-Onone";
				TARGETED_DEVICE_FAMILY = "1,2";
			};
			name = Debug;
		};
		8503FBAA1C640A1600531D5F /* Release */ = {
			isa = XCBuildConfiguration;
			buildSettings = {
				ALWAYS_SEARCH_USER_PATHS = NO;
				CLANG_CXX_LANGUAGE_STANDARD = "gnu++0x";
				CLANG_CXX_LIBRARY = "libc++";
				CLANG_ENABLE_MODULES = YES;
				CLANG_ENABLE_OBJC_ARC = YES;
				CLANG_WARN_BOOL_CONVERSION = YES;
				CLANG_WARN_CONSTANT_CONVERSION = YES;
				CLANG_WARN_DIRECT_OBJC_ISA_USAGE = YES_ERROR;
				CLANG_WARN_EMPTY_BODY = YES;
				CLANG_WARN_ENUM_CONVERSION = YES;
				CLANG_WARN_INT_CONVERSION = YES;
				CLANG_WARN_OBJC_ROOT_CLASS = YES_ERROR;
				CLANG_WARN_UNREACHABLE_CODE = YES;
				CLANG_WARN__DUPLICATE_METHOD_MATCH = YES;
				"CODE_SIGN_IDENTITY[sdk=iphoneos*]" = "iPhone Developer";
				COPY_PHASE_STRIP = NO;
				DEBUG_INFORMATION_FORMAT = "dwarf-with-dsym";
				ENABLE_NS_ASSERTIONS = NO;
				ENABLE_STRICT_OBJC_MSGSEND = YES;
				GCC_C_LANGUAGE_STANDARD = gnu99;
				GCC_NO_COMMON_BLOCKS = YES;
				GCC_WARN_64_TO_32_BIT_CONVERSION = YES;
				GCC_WARN_ABOUT_RETURN_TYPE = YES_ERROR;
				GCC_WARN_UNDECLARED_SELECTOR = YES;
				GCC_WARN_UNINITIALIZED_AUTOS = YES_AGGRESSIVE;
				GCC_WARN_UNUSED_FUNCTION = YES;
				GCC_WARN_UNUSED_VARIABLE = YES;
				IPHONEOS_DEPLOYMENT_TARGET = 9.2;
				MTL_ENABLE_DEBUG_INFO = NO;
				SDKROOT = iphoneos;
				TARGETED_DEVICE_FAMILY = "1,2";
				VALIDATE_PRODUCT = YES;
			};
			name = Release;
		};
		8503FBAC1C640A1600531D5F /* Debug */ = {
			isa = XCBuildConfiguration;
			baseConfigurationReference = C6BC932190728787B19815AF /* Pods-ArcticRun-iPad.debug.xcconfig */;
			buildSettings = {
				ASSETCATALOG_COMPILER_APPICON_NAME = AppIcon;
				CLANG_ENABLE_MODULES = YES;
				CODE_SIGN_ENTITLEMENTS = "ArcticRun-iPad/ArcticRun-iPad.entitlements";
				CODE_SIGN_IDENTITY = "iPhone Developer";
				"CODE_SIGN_IDENTITY[sdk=iphoneos*]" = "iPhone Developer";
				INFOPLIST_FILE = "ArcticRun-iPad/Info.plist";
				LD_RUNPATH_SEARCH_PATHS = "$(inherited) @executable_path/Frameworks";
				PRODUCT_BUNDLE_IDENTIFIER = com.terratap.arcticrun;
				PRODUCT_NAME = "$(TARGET_NAME)";
				PROVISIONING_PROFILE = "";
				SWIFT_OBJC_BRIDGING_HEADER = "ArcticRun-iPad/ArcticRun-iPad-Bridging-Header.h";
				SWIFT_OPTIMIZATION_LEVEL = "-Onone";
			};
			name = Debug;
		};
		8503FBAD1C640A1600531D5F /* Release */ = {
			isa = XCBuildConfiguration;
			baseConfigurationReference = FCCA808D928DF685AE369D8F /* Pods-ArcticRun-iPad.release.xcconfig */;
			buildSettings = {
				ASSETCATALOG_COMPILER_APPICON_NAME = AppIcon;
				CLANG_ENABLE_MODULES = YES;
				CODE_SIGN_ENTITLEMENTS = "ArcticRun-iPad/ArcticRun-iPad.entitlements";
				CODE_SIGN_IDENTITY = "iPhone Developer";
				"CODE_SIGN_IDENTITY[sdk=iphoneos*]" = "iPhone Developer";
				INFOPLIST_FILE = "ArcticRun-iPad/Info.plist";
				LD_RUNPATH_SEARCH_PATHS = "$(inherited) @executable_path/Frameworks";
				PRODUCT_BUNDLE_IDENTIFIER = com.terratap.arcticrun;
				PRODUCT_NAME = "$(TARGET_NAME)";
				PROVISIONING_PROFILE = "";
				SWIFT_OBJC_BRIDGING_HEADER = "ArcticRun-iPad/ArcticRun-iPad-Bridging-Header.h";
			};
			name = Release;
		};
		8503FBAF1C640A1600531D5F /* Debug */ = {
			isa = XCBuildConfiguration;
			buildSettings = {
				BUNDLE_LOADER = "$(TEST_HOST)";
				INFOPLIST_FILE = "ArcticRun-iPadTests/Info.plist";
				LD_RUNPATH_SEARCH_PATHS = "$(inherited) @executable_path/Frameworks @loader_path/Frameworks";
				PRODUCT_BUNDLE_IDENTIFIER = "comp4977.bcit.ca.ArcticRun-iPadTests";
				PRODUCT_NAME = "$(TARGET_NAME)";
				TEST_HOST = "$(BUILT_PRODUCTS_DIR)/ArcticRun-iPad.app/ArcticRun-iPad";
			};
			name = Debug;
		};
		8503FBB01C640A1600531D5F /* Release */ = {
			isa = XCBuildConfiguration;
			buildSettings = {
				BUNDLE_LOADER = "$(TEST_HOST)";
				INFOPLIST_FILE = "ArcticRun-iPadTests/Info.plist";
				LD_RUNPATH_SEARCH_PATHS = "$(inherited) @executable_path/Frameworks @loader_path/Frameworks";
				PRODUCT_BUNDLE_IDENTIFIER = "comp4977.bcit.ca.ArcticRun-iPadTests";
				PRODUCT_NAME = "$(TARGET_NAME)";
				TEST_HOST = "$(BUILT_PRODUCTS_DIR)/ArcticRun-iPad.app/ArcticRun-iPad";
			};
			name = Release;
		};
		8503FBB21C640A1600531D5F /* Debug */ = {
			isa = XCBuildConfiguration;
			buildSettings = {
				INFOPLIST_FILE = "ArcticRun-iPadUITests/Info.plist";
				LD_RUNPATH_SEARCH_PATHS = "$(inherited) @executable_path/Frameworks @loader_path/Frameworks";
				PRODUCT_BUNDLE_IDENTIFIER = "comp4977.bcit.ca.ArcticRun-iPadUITests";
				PRODUCT_NAME = "$(TARGET_NAME)";
				TEST_TARGET_NAME = "ArcticRun-iPad";
				USES_XCTRUNNER = YES;
			};
			name = Debug;
		};
		8503FBB31C640A1600531D5F /* Release */ = {
			isa = XCBuildConfiguration;
			buildSettings = {
				INFOPLIST_FILE = "ArcticRun-iPadUITests/Info.plist";
				LD_RUNPATH_SEARCH_PATHS = "$(inherited) @executable_path/Frameworks @loader_path/Frameworks";
				PRODUCT_BUNDLE_IDENTIFIER = "comp4977.bcit.ca.ArcticRun-iPadUITests";
				PRODUCT_NAME = "$(TARGET_NAME)";
				TEST_TARGET_NAME = "ArcticRun-iPad";
				USES_XCTRUNNER = YES;
			};
			name = Release;
		};
/* End XCBuildConfiguration section */

/* Begin XCConfigurationList section */
		8503FB7C1C640A1600531D5F /* Build configuration list for PBXProject "ArcticRun-iPad" */ = {
			isa = XCConfigurationList;
			buildConfigurations = (
				8503FBA91C640A1600531D5F /* Debug */,
				8503FBAA1C640A1600531D5F /* Release */,
			);
			defaultConfigurationIsVisible = 0;
			defaultConfigurationName = Release;
		};
		8503FBAB1C640A1600531D5F /* Build configuration list for PBXNativeTarget "ArcticRun-iPad" */ = {
			isa = XCConfigurationList;
			buildConfigurations = (
				8503FBAC1C640A1600531D5F /* Debug */,
				8503FBAD1C640A1600531D5F /* Release */,
			);
			defaultConfigurationIsVisible = 0;
			defaultConfigurationName = Release;
		};
		8503FBAE1C640A1600531D5F /* Build configuration list for PBXNativeTarget "ArcticRun-iPadTests" */ = {
			isa = XCConfigurationList;
			buildConfigurations = (
				8503FBAF1C640A1600531D5F /* Debug */,
				8503FBB01C640A1600531D5F /* Release */,
			);
			defaultConfigurationIsVisible = 0;
			defaultConfigurationName = Release;
		};
		8503FBB11C640A1600531D5F /* Build configuration list for PBXNativeTarget "ArcticRun-iPadUITests" */ = {
			isa = XCConfigurationList;
			buildConfigurations = (
				8503FBB21C640A1600531D5F /* Debug */,
				8503FBB31C640A1600531D5F /* Release */,
			);
			defaultConfigurationIsVisible = 0;
			defaultConfigurationName = Release;
		};
/* End XCConfigurationList section */
	};
	rootObject = 8503FB791C640A1600531D5F /* Project object */;
}
